// !$*UTF8*$!
{
	archiveVersion = 1;
	classes = {
	};
	objectVersion = 77;
	objects = {

/* Begin PBXBuildFile section */
		003F565C720E508474D7A7C5 /* MyceliumApp.swift in Sources */ = {isa = PBXBuildFile; fileRef = 9080A098F342DDE45993186F /* MyceliumApp.swift */; };
		071E465FC36EA124BFCC24D1 /* GeminiLiveClient.swift in Sources */ = {isa = PBXBuildFile; fileRef = 741FB0899FAA8427A1C23510 /* GeminiLiveClient.swift */; };
		0C18514D675C567EFB79D82D /* Spore.swift in Sources */ = {isa = PBXBuildFile; fileRef = 6771B64F87663375851FF8FE /* Spore.swift */; };
		1DD95951D869FB5735D83D1D /* Channel.swift in Sources */ = {isa = PBXBuildFile; fileRef = 616A162A47CEE3099C20F1E9 /* Channel.swift */; };
		21DACA1D6582F31562B4B908 /* FloatingPanel.swift in Sources */ = {isa = PBXBuildFile; fileRef = 051D33B87048F9E09FAC4508 /* FloatingPanel.swift */; };
		2E7F7634091EC1B6A30ABC0E /* TranscriptEntry.swift in Sources */ = {isa = PBXBuildFile; fileRef = 616ED4BD3AE5A2751A3D4440 /* TranscriptEntry.swift */; };
		5347A5C906129A9B7A085AB7 /* VoiceSessionManager.swift in Sources */ = {isa = PBXBuildFile; fileRef = B0D6505B6259C21D6BD7499F /* VoiceSessionManager.swift */; };
		70BF9F91F9E16D318BF41D5E /* AudioPlaybackManager.swift in Sources */ = {isa = PBXBuildFile; fileRef = E18B0FD92B0C0BB949592DF9 /* AudioPlaybackManager.swift */; };
		71AD76EA7AB4E8521BE43396 /* SporeStoreTests.swift in Sources */ = {isa = PBXBuildFile; fileRef = 18B5A74E3B9E10E772159E4E /* SporeStoreTests.swift */; };
		7A9ABA1B7C3C336EDDC0B993 /* AppState.swift in Sources */ = {isa = PBXBuildFile; fileRef = 4FDDB5348EC71E9147FB33AE /* AppState.swift */; };
		87939445A41AF4A0FEFBCD9E /* GlobalHotkeyManager.swift in Sources */ = {isa = PBXBuildFile; fileRef = 9118A5EE58AF062C0CD77EAD /* GlobalHotkeyManager.swift */; };
		9C1B005BA7B6A3976AFB4A97 /* RingManager.swift in Sources */ = {isa = PBXBuildFile; fileRef = AF05C3564B1B833A1BD95E49 /* RingManager.swift */; };
		B024A2B1AA1A4019CB098D4E /* ChannelListView.swift in Sources */ = {isa = PBXBuildFile; fileRef = 5521E96E28BA3976F64A590E /* ChannelListView.swift */; };
		B853665CD28003641CEE6CFB /* Manifest.swift in Sources */ = {isa = PBXBuildFile; fileRef = 074D3EE231DF190975F4567C /* Manifest.swift */; };
		BE50052C07F6D6DA80896F0C /* FloatingPanelView.swift in Sources */ = {isa = PBXBuildFile; fileRef = A9C0141B35B32E9F05605250 /* FloatingPanelView.swift */; };
		C028EE62AA6C5E03A7295249 /* SporeStore.swift in Sources */ = {isa = PBXBuildFile; fileRef = 0ED34F9531E5E2177A2E8EAA /* SporeStore.swift */; };
		C7E3471E48C7BD3C38D9745B /* TranscriptView.swift in Sources */ = {isa = PBXBuildFile; fileRef = F7A06354E1C25CB0EC5BECDC /* TranscriptView.swift */; };
		CECEA2C65EEC670B18E1585E /* TranscriptStore.swift in Sources */ = {isa = PBXBuildFile; fileRef = 7DD1D292CD9BC66EF3CF130B /* TranscriptStore.swift */; };
		D1117E273BA613D067C4918C /* AudioCaptureManager.swift in Sources */ = {isa = PBXBuildFile; fileRef = 42B9BEA44B5ECE6E0FC4AFBE /* AudioCaptureManager.swift */; };
		E2E279541C04FD33EDD4B07A /* SettingsWindowController.swift in Sources */ = {isa = PBXBuildFile; fileRef = 63D5C955CDDE531FDC62CEB5 /* SettingsWindowController.swift */; };
		E8152BAA2BF59475C135DC2D /* TranscriptStoreTests.swift in Sources */ = {isa = PBXBuildFile; fileRef = 6164E8D838ED32FB91EAC84A /* TranscriptStoreTests.swift */; };
		F29BB15C4111CFADBC1975D4 /* AppDelegate.swift in Sources */ = {isa = PBXBuildFile; fileRef = AC03DFD7945CA7917DC238BA /* AppDelegate.swift */; };
/* End PBXBuildFile section */

/* Begin PBXContainerItemProxy section */
		5571E8128EB05398B3DCBC78 /* PBXContainerItemProxy */ = {
			isa = PBXContainerItemProxy;
			containerPortal = 362ABD8960CD3B72024EF067 /* Project object */;
			proxyType = 1;
			remoteGlobalIDString = A742BBA50493808AF77A3F36;
			remoteInfo = MyceliumOSX;
		};
/* End PBXContainerItemProxy section */

/* Begin PBXFileReference section */
		051D33B87048F9E09FAC4508 /* FloatingPanel.swift */ = {isa = PBXFileReference; lastKnownFileType = sourcecode.swift; path = FloatingPanel.swift; sourceTree = "<group>"; };
		074D3EE231DF190975F4567C /* Manifest.swift */ = {isa = PBXFileReference; lastKnownFileType = sourcecode.swift; path = Manifest.swift; sourceTree = "<group>"; };
		0B322EE3FC3D04B1B3FB6B43 /* Info.plist */ = {isa = PBXFileReference; lastKnownFileType = text.plist; path = Info.plist; sourceTree = "<group>"; };
		0ED34F9531E5E2177A2E8EAA /* SporeStore.swift */ = {isa = PBXFileReference; lastKnownFileType = sourcecode.swift; path = SporeStore.swift; sourceTree = "<group>"; };
		18B5A74E3B9E10E772159E4E /* SporeStoreTests.swift */ = {isa = PBXFileReference; lastKnownFileType = sourcecode.swift; path = SporeStoreTests.swift; sourceTree = "<group>"; };
		37798A312EC70F133BC1AA5C /* MyceliumOSXTests.xctest */ = {isa = PBXFileReference; explicitFileType = wrapper.cfbundle; includeInIndex = 0; path = MyceliumOSXTests.xctest; sourceTree = BUILT_PRODUCTS_DIR; };
		42B9BEA44B5ECE6E0FC4AFBE /* AudioCaptureManager.swift */ = {isa = PBXFileReference; lastKnownFileType = sourcecode.swift; path = AudioCaptureManager.swift; sourceTree = "<group>"; };
		4FDDB5348EC71E9147FB33AE /* AppState.swift */ = {isa = PBXFileReference; lastKnownFileType = sourcecode.swift; path = AppState.swift; sourceTree = "<group>"; };
		5521E96E28BA3976F64A590E /* ChannelListView.swift */ = {isa = PBXFileReference; lastKnownFileType = sourcecode.swift; path = ChannelListView.swift; sourceTree = "<group>"; };
		6164E8D838ED32FB91EAC84A /* TranscriptStoreTests.swift */ = {isa = PBXFileReference; lastKnownFileType = sourcecode.swift; path = TranscriptStoreTests.swift; sourceTree = "<group>"; };
		616A162A47CEE3099C20F1E9 /* Channel.swift */ = {isa = PBXFileReference; lastKnownFileType = sourcecode.swift; path = Channel.swift; sourceTree = "<group>"; };
		616ED4BD3AE5A2751A3D4440 /* TranscriptEntry.swift */ = {isa = PBXFileReference; lastKnownFileType = sourcecode.swift; path = TranscriptEntry.swift; sourceTree = "<group>"; };
		63D5C955CDDE531FDC62CEB5 /* SettingsWindowController.swift */ = {isa = PBXFileReference; lastKnownFileType = sourcecode.swift; path = SettingsWindowController.swift; sourceTree = "<group>"; };
		6771B64F87663375851FF8FE /* Spore.swift */ = {isa = PBXFileReference; lastKnownFileType = sourcecode.swift; path = Spore.swift; sourceTree = "<group>"; };
		741FB0899FAA8427A1C23510 /* GeminiLiveClient.swift */ = {isa = PBXFileReference; lastKnownFileType = sourcecode.swift; path = GeminiLiveClient.swift; sourceTree = "<group>"; };
		7DD1D292CD9BC66EF3CF130B /* TranscriptStore.swift */ = {isa = PBXFileReference; lastKnownFileType = sourcecode.swift; path = TranscriptStore.swift; sourceTree = "<group>"; };
		89401F2EE4D64B63C1A3E9F7 /* MyceliumOSX.app */ = {isa = PBXFileReference; explicitFileType = wrapper.application; includeInIndex = 0; path = MyceliumOSX.app; sourceTree = BUILT_PRODUCTS_DIR; };
		9080A098F342DDE45993186F /* MyceliumApp.swift */ = {isa = PBXFileReference; lastKnownFileType = sourcecode.swift; path = MyceliumApp.swift; sourceTree = "<group>"; };
		9118A5EE58AF062C0CD77EAD /* GlobalHotkeyManager.swift */ = {isa = PBXFileReference; lastKnownFileType = sourcecode.swift; path = GlobalHotkeyManager.swift; sourceTree = "<group>"; };
		A582F3C5A536849F67845224 /* MyceliumOSX.entitlements */ = {isa = PBXFileReference; lastKnownFileType = text.plist.entitlements; path = MyceliumOSX.entitlements; sourceTree = "<group>"; };
		A9C0141B35B32E9F05605250 /* FloatingPanelView.swift */ = {isa = PBXFileReference; lastKnownFileType = sourcecode.swift; path = FloatingPanelView.swift; sourceTree = "<group>"; };
		AC03DFD7945CA7917DC238BA /* AppDelegate.swift */ = {isa = PBXFileReference; lastKnownFileType = sourcecode.swift; path = AppDelegate.swift; sourceTree = "<group>"; };
		AF05C3564B1B833A1BD95E49 /* RingManager.swift */ = {isa = PBXFileReference; lastKnownFileType = sourcecode.swift; path = RingManager.swift; sourceTree = "<group>"; };
		B0D6505B6259C21D6BD7499F /* VoiceSessionManager.swift */ = {isa = PBXFileReference; lastKnownFileType = sourcecode.swift; path = VoiceSessionManager.swift; sourceTree = "<group>"; };
		E18B0FD92B0C0BB949592DF9 /* AudioPlaybackManager.swift */ = {isa = PBXFileReference; lastKnownFileType = sourcecode.swift; path = AudioPlaybackManager.swift; sourceTree = "<group>"; };
		F7A06354E1C25CB0EC5BECDC /* TranscriptView.swift */ = {isa = PBXFileReference; lastKnownFileType = sourcecode.swift; path = TranscriptView.swift; sourceTree = "<group>"; };
/* End PBXFileReference section */

/* Begin PBXGroup section */
		0359FB2BAC71042C5F244AE8 /* Voice */ = {
			isa = PBXGroup;
			children = (
				42B9BEA44B5ECE6E0FC4AFBE /* AudioCaptureManager.swift */,
				E18B0FD92B0C0BB949592DF9 /* AudioPlaybackManager.swift */,
				741FB0899FAA8427A1C23510 /* GeminiLiveClient.swift */,
				B0D6505B6259C21D6BD7499F /* VoiceSessionManager.swift */,
			);
			path = Voice;
			sourceTree = "<group>";
		};
		0CB13EF1F5412B2055C86982 /* Models */ = {
			isa = PBXGroup;
			children = (
				616A162A47CEE3099C20F1E9 /* Channel.swift */,
				074D3EE231DF190975F4567C /* Manifest.swift */,
				6771B64F87663375851FF8FE /* Spore.swift */,
				616ED4BD3AE5A2751A3D4440 /* TranscriptEntry.swift */,
			);
			path = Models;
			sourceTree = "<group>";
		};
		158060760550768D1F7FBF6A /* Products */ = {
			isa = PBXGroup;
			children = (
				89401F2EE4D64B63C1A3E9F7 /* MyceliumOSX.app */,
				37798A312EC70F133BC1AA5C /* MyceliumOSXTests.xctest */,
			);
			name = Products;
			sourceTree = "<group>";
		};
		1AE52CCA7A41B2FAA5EEAC22 = {
			isa = PBXGroup;
			children = (
				22587BD6FF304859DE52286B /* MyceliumOSX */,
				2610D03369A09C13536CC609 /* MyceliumOSXTests */,
				158060760550768D1F7FBF6A /* Products */,
			);
			sourceTree = "<group>";
		};
		22587BD6FF304859DE52286B /* MyceliumOSX */ = {
			isa = PBXGroup;
			children = (
				3EB02696C9F3B10C5D70F57A /* App */,
				4E32FCC37207A04FFB860635 /* Hotkey */,
				6934ED762CD3B1C97520DD4E /* Memory */,
				0CB13EF1F5412B2055C86982 /* Models */,
				3293F422BF40D2ACAF82DCD4 /* Resources */,
				4250486B5F53DE00C497CFC9 /* Views */,
				0359FB2BAC71042C5F244AE8 /* Voice */,
			);
			path = MyceliumOSX;
			sourceTree = "<group>";
		};
		2610D03369A09C13536CC609 /* MyceliumOSXTests */ = {
			isa = PBXGroup;
			children = (
				18B5A74E3B9E10E772159E4E /* SporeStoreTests.swift */,
				6164E8D838ED32FB91EAC84A /* TranscriptStoreTests.swift */,
			);
			path = MyceliumOSXTests;
			sourceTree = "<group>";
		};
		3293F422BF40D2ACAF82DCD4 /* Resources */ = {
			isa = PBXGroup;
			children = (
				0B322EE3FC3D04B1B3FB6B43 /* Info.plist */,
				A582F3C5A536849F67845224 /* MyceliumOSX.entitlements */,
			);
			path = Resources;
			sourceTree = "<group>";
		};
		3EB02696C9F3B10C5D70F57A /* App */ = {
			isa = PBXGroup;
			children = (
				AC03DFD7945CA7917DC238BA /* AppDelegate.swift */,
				4FDDB5348EC71E9147FB33AE /* AppState.swift */,
				051D33B87048F9E09FAC4508 /* FloatingPanel.swift */,
				9080A098F342DDE45993186F /* MyceliumApp.swift */,
				63D5C955CDDE531FDC62CEB5 /* SettingsWindowController.swift */,
			);
			path = App;
			sourceTree = "<group>";
		};
		4250486B5F53DE00C497CFC9 /* Views */ = {
			isa = PBXGroup;
			children = (
				5521E96E28BA3976F64A590E /* ChannelListView.swift */,
				A9C0141B35B32E9F05605250 /* FloatingPanelView.swift */,
				F7A06354E1C25CB0EC5BECDC /* TranscriptView.swift */,
			);
			path = Views;
			sourceTree = "<group>";
		};
		4E32FCC37207A04FFB860635 /* Hotkey */ = {
			isa = PBXGroup;
			children = (
				9118A5EE58AF062C0CD77EAD /* GlobalHotkeyManager.swift */,
			);
			path = Hotkey;
			sourceTree = "<group>";
		};
		6934ED762CD3B1C97520DD4E /* Memory */ = {
			isa = PBXGroup;
			children = (
				AF05C3564B1B833A1BD95E49 /* RingManager.swift */,
				0ED34F9531E5E2177A2E8EAA /* SporeStore.swift */,
				7DD1D292CD9BC66EF3CF130B /* TranscriptStore.swift */,
			);
			path = Memory;
			sourceTree = "<group>";
		};
/* End PBXGroup section */

/* Begin PBXNativeTarget section */
		6C1A48B6EB4153FDE059A674 /* MyceliumOSXTests */ = {
			isa = PBXNativeTarget;
			buildConfigurationList = E9A2C4398B17CE36A1AE2073 /* Build configuration list for PBXNativeTarget "MyceliumOSXTests" */;
			buildPhases = (
				41F63817AA0AB9B4A64E0D73 /* Sources */,
			);
			buildRules = (
			);
			dependencies = (
				348F31345B9239F4F15C7B47 /* PBXTargetDependency */,
			);
			name = MyceliumOSXTests;
			packageProductDependencies = (
			);
			productName = MyceliumOSXTests;
			productReference = 37798A312EC70F133BC1AA5C /* MyceliumOSXTests.xctest */;
			productType = "com.apple.product-type.bundle.unit-test";
		};
		A742BBA50493808AF77A3F36 /* MyceliumOSX */ = {
			isa = PBXNativeTarget;
			buildConfigurationList = 387EB28045F2993B4C48FFF1 /* Build configuration list for PBXNativeTarget "MyceliumOSX" */;
			buildPhases = (
				0FC6911CA95DF61CA154C5BA /* Sources */,
			);
			buildRules = (
			);
			dependencies = (
			);
			name = MyceliumOSX;
			packageProductDependencies = (
			);
			productName = MyceliumOSX;
			productReference = 89401F2EE4D64B63C1A3E9F7 /* MyceliumOSX.app */;
			productType = "com.apple.product-type.application";
		};
/* End PBXNativeTarget section */

/* Begin PBXProject section */
		362ABD8960CD3B72024EF067 /* Project object */ = {
			isa = PBXProject;
			attributes = {
				BuildIndependentTargetsInParallel = YES;
				LastUpgradeCheck = 1600;
				TargetAttributes = {
				};
			};
			buildConfigurationList = D0749486C111FB2C57314165 /* Build configuration list for PBXProject "MyceliumOSX" */;
			developmentRegion = en;
			hasScannedForEncodings = 0;
			knownRegions = (
				Base,
				en,
			);
			mainGroup = 1AE52CCA7A41B2FAA5EEAC22;
			minimizedProjectReferenceProxies = 1;
			preferredProjectObjectVersion = 77;
			productRefGroup = 158060760550768D1F7FBF6A /* Products */;
			projectDirPath = "";
			projectRoot = "";
			targets = (
				A742BBA50493808AF77A3F36 /* MyceliumOSX */,
				6C1A48B6EB4153FDE059A674 /* MyceliumOSXTests */,
			);
		};
/* End PBXProject section */

/* Begin PBXSourcesBuildPhase section */
		0FC6911CA95DF61CA154C5BA /* Sources */ = {
			isa = PBXSourcesBuildPhase;
			buildActionMask = 2147483647;
			files = (
				F29BB15C4111CFADBC1975D4 /* AppDelegate.swift in Sources */,
				7A9ABA1B7C3C336EDDC0B993 /* AppState.swift in Sources */,
				D1117E273BA613D067C4918C /* AudioCaptureManager.swift in Sources */,
				70BF9F91F9E16D318BF41D5E /* AudioPlaybackManager.swift in Sources */,
				1DD95951D869FB5735D83D1D /* Channel.swift in Sources */,
				B024A2B1AA1A4019CB098D4E /* ChannelListView.swift in Sources */,
				21DACA1D6582F31562B4B908 /* FloatingPanel.swift in Sources */,
				BE50052C07F6D6DA80896F0C /* FloatingPanelView.swift in Sources */,
				071E465FC36EA124BFCC24D1 /* GeminiLiveClient.swift in Sources */,
				87939445A41AF4A0FEFBCD9E /* GlobalHotkeyManager.swift in Sources */,
				B853665CD28003641CEE6CFB /* Manifest.swift in Sources */,
				003F565C720E508474D7A7C5 /* MyceliumApp.swift in Sources */,
				9C1B005BA7B6A3976AFB4A97 /* RingManager.swift in Sources */,
				E2E279541C04FD33EDD4B07A /* SettingsWindowController.swift in Sources */,
				0C18514D675C567EFB79D82D /* Spore.swift in Sources */,
				C028EE62AA6C5E03A7295249 /* SporeStore.swift in Sources */,
				2E7F7634091EC1B6A30ABC0E /* TranscriptEntry.swift in Sources */,
				CECEA2C65EEC670B18E1585E /* TranscriptStore.swift in Sources */,
				C7E3471E48C7BD3C38D9745B /* TranscriptView.swift in Sources */,
				5347A5C906129A9B7A085AB7 /* VoiceSessionManager.swift in Sources */,
			);
			runOnlyForDeploymentPostprocessing = 0;
		};
		41F63817AA0AB9B4A64E0D73 /* Sources */ = {
			isa = PBXSourcesBuildPhase;
			buildActionMask = 2147483647;
			files = (
				71AD76EA7AB4E8521BE43396 /* SporeStoreTests.swift in Sources */,
				E8152BAA2BF59475C135DC2D /* TranscriptStoreTests.swift in Sources */,
			);
			runOnlyForDeploymentPostprocessing = 0;
		};
/* End PBXSourcesBuildPhase section */

/* Begin PBXTargetDependency section */
		348F31345B9239F4F15C7B47 /* PBXTargetDependency */ = {
			isa = PBXTargetDependency;
			target = A742BBA50493808AF77A3F36 /* MyceliumOSX */;
			targetProxy = 5571E8128EB05398B3DCBC78 /* PBXContainerItemProxy */;
		};
/* End PBXTargetDependency section */

/* Begin XCBuildConfiguration section */
		314F5A1ADDDC0957CB5DA18E /* Release */ = {
			isa = XCBuildConfiguration;
			buildSettings = {
				ASSETCATALOG_COMPILER_APPICON_NAME = AppIcon;
				CODE_SIGN_ENTITLEMENTS = MyceliumOSX/Resources/MyceliumOSX.entitlements;
				COMBINE_HIDPI_IMAGES = YES;
				INFOPLIST_FILE = MyceliumOSX/Resources/Info.plist;
				LD_RUNPATH_SEARCH_PATHS = (
					"$(inherited)",
					"@executable_path/../Frameworks",
				);
				PRODUCT_BUNDLE_IDENTIFIER = org.mycelium.osx;
				PRODUCT_NAME = MyceliumOSX;
				SDKROOT = macosx;
			};
			name = Release;
		};
		34102CA1AE6F989297EAB7BD /* Debug */ = {
			isa = XCBuildConfiguration;
			buildSettings = {
				BUNDLE_LOADER = "$(TEST_HOST)";
				COMBINE_HIDPI_IMAGES = YES;
				GENERATE_INFOPLIST_FILE = YES;
				LD_RUNPATH_SEARCH_PATHS = (
					"$(inherited)",
					"@executable_path/../Frameworks",
					"@loader_path/../Frameworks",
				);
				PRODUCT_BUNDLE_IDENTIFIER = org.mycelium.MyceliumOSXTests;
				SDKROOT = macosx;
				TEST_HOST = "$(BUILT_PRODUCTS_DIR)/MyceliumOSX.app/Contents/MacOS/MyceliumOSX";
			};
			name = Debug;
		};
		718F2187C4C4A42797CBB457 /* Release */ = {
			isa = XCBuildConfiguration;
			buildSettings = {
				ALWAYS_SEARCH_USER_PATHS = NO;
				CLANG_ANALYZER_NONNULL = YES;
				CLANG_ANALYZER_NUMBER_OBJECT_CONVERSION = YES_AGGRESSIVE;
				CLANG_CXX_LANGUAGE_STANDARD = "gnu++14";
				CLANG_CXX_LIBRARY = "libc++";
				CLANG_ENABLE_MODULES = YES;
				CLANG_ENABLE_OBJC_ARC = YES;
				CLANG_ENABLE_OBJC_WEAK = YES;
				CLANG_WARN_BLOCK_CAPTURE_AUTORELEASING = YES;
				CLANG_WARN_BOOL_CONVERSION = YES;
				CLANG_WARN_COMMA = YES;
				CLANG_WARN_CONSTANT_CONVERSION = YES;
				CLANG_WARN_DEPRECATED_OBJC_IMPLEMENTATIONS = YES;
				CLANG_WARN_DIRECT_OBJC_ISA_USAGE = YES_ERROR;
				CLANG_WARN_DOCUMENTATION_COMMENTS = YES;
				CLANG_WARN_EMPTY_BODY = YES;
				CLANG_WARN_ENUM_CONVERSION = YES;
				CLANG_WARN_INFINITE_RECURSION = YES;
				CLANG_WARN_INT_CONVERSION = YES;
				CLANG_WARN_NON_LITERAL_NULL_CONVERSION = YES;
				CLANG_WARN_OBJC_IMPLICIT_RETAIN_SELF = YES;
				CLANG_WARN_OBJC_LITERAL_CONVERSION = YES;
				CLANG_WARN_OBJC_ROOT_CLASS = YES_ERROR;
				CLANG_WARN_QUOTED_INCLUDE_IN_FRAMEWORK_HEADER = YES;
				CLANG_WARN_RANGE_LOOP_ANALYSIS = YES;
				CLANG_WARN_STRICT_PROTOTYPES = YES;
				CLANG_WARN_SUSPICIOUS_MOVE = YES;
				CLANG_WARN_UNGUARDED_AVAILABILITY = YES_AGGRESSIVE;
				CLANG_WARN_UNREACHABLE_CODE = YES;
				CLANG_WARN__DUPLICATE_METHOD_MATCH = YES;
				COPY_PHASE_STRIP = NO;
				DEBUG_INFORMATION_FORMAT = "dwarf-with-dsym";
				ENABLE_NS_ASSERTIONS = NO;
				ENABLE_STRICT_OBJC_MSGSEND = YES;
				GCC_C_LANGUAGE_STANDARD = gnu11;
				GCC_NO_COMMON_BLOCKS = YES;
				GCC_WARN_64_TO_32_BIT_CONVERSION = YES;
				GCC_WARN_ABOUT_RETURN_TYPE = YES_ERROR;
				GCC_WARN_UNDECLARED_SELECTOR = YES;
				GCC_WARN_UNINITIALIZED_AUTOS = YES_AGGRESSIVE;
				GCC_WARN_UNUSED_FUNCTION = YES;
				GCC_WARN_UNUSED_VARIABLE = YES;
				MACOSX_DEPLOYMENT_TARGET = 14.0;
				MTL_ENABLE_DEBUG_INFO = NO;
				MTL_FAST_MATH = YES;
				PRODUCT_NAME = "$(TARGET_NAME)";
				SDKROOT = macosx;
				SWIFT_COMPILATION_MODE = wholemodule;
				SWIFT_OPTIMIZATION_LEVEL = "-O";
				SWIFT_VERSION = 5.10;
			};
			name = Release;
		};
		799F469A816168E91551E77E /* Debug */ = {
			isa = XCBuildConfiguration;
			buildSettings = {
				ALWAYS_SEARCH_USER_PATHS = NO;
				CLANG_ANALYZER_NONNULL = YES;
				CLANG_ANALYZER_NUMBER_OBJECT_CONVERSION = YES_AGGRESSIVE;
				CLANG_CXX_LANGUAGE_STANDARD = "gnu++14";
				CLANG_CXX_LIBRARY = "libc++";
				CLANG_ENABLE_MODULES = YES;
				CLANG_ENABLE_OBJC_ARC = YES;
				CLANG_ENABLE_OBJC_WEAK = YES;
				CLANG_WARN_BLOCK_CAPTURE_AUTORELEASING = YES;
				CLANG_WARN_BOOL_CONVERSION = YES;
				CLANG_WARN_COMMA = YES;
				CLANG_WARN_CONSTANT_CONVERSION = YES;
				CLANG_WARN_DEPRECATED_OBJC_IMPLEMENTATIONS = YES;
				CLANG_WARN_DIRECT_OBJC_ISA_USAGE = YES_ERROR;
				CLANG_WARN_DOCUMENTATION_COMMENTS = YES;
				CLANG_WARN_EMPTY_BODY = YES;
				CLANG_WARN_ENUM_CONVERSION = YES;
				CLANG_WARN_INFINITE_RECURSION = YES;
				CLANG_WARN_INT_CONVERSION = YES;
				CLANG_WARN_NON_LITERAL_NULL_CONVERSION = YES;
				CLANG_WARN_OBJC_IMPLICIT_RETAIN_SELF = YES;
				CLANG_WARN_OBJC_LITERAL_CONVERSION = YES;
				CLANG_WARN_OBJC_ROOT_CLASS = YES_ERROR;
				CLANG_WARN_QUOTED_INCLUDE_IN_FRAMEWORK_HEADER = YES;
				CLANG_WARN_RANGE_LOOP_ANALYSIS = YES;
				CLANG_WARN_STRICT_PROTOTYPES = YES;
				CLANG_WARN_SUSPICIOUS_MOVE = YES;
				CLANG_WARN_UNGUARDED_AVAILABILITY = YES_AGGRESSIVE;
				CLANG_WARN_UNREACHABLE_CODE = YES;
				CLANG_WARN__DUPLICATE_METHOD_MATCH = YES;
				COPY_PHASE_STRIP = NO;
				DEBUG_INFORMATION_FORMAT = dwarf;
				ENABLE_STRICT_OBJC_MSGSEND = YES;
				ENABLE_TESTABILITY = YES;
				GCC_C_LANGUAGE_STANDARD = gnu11;
				GCC_DYNAMIC_NO_PIC = NO;
				GCC_NO_COMMON_BLOCKS = YES;
				GCC_OPTIMIZATION_LEVEL = 0;
				GCC_PREPROCESSOR_DEFINITIONS = (
					"$(inherited)",
					"DEBUG=1",
				);
				GCC_WARN_64_TO_32_BIT_CONVERSION = YES;
				GCC_WARN_ABOUT_RETURN_TYPE = YES_ERROR;
				GCC_WARN_UNDECLARED_SELECTOR = YES;
				GCC_WARN_UNINITIALIZED_AUTOS = YES_AGGRESSIVE;
				GCC_WARN_UNUSED_FUNCTION = YES;
				GCC_WARN_UNUSED_VARIABLE = YES;
				MACOSX_DEPLOYMENT_TARGET = 14.0;
				MTL_ENABLE_DEBUG_INFO = INCLUDE_SOURCE;
				MTL_FAST_MATH = YES;
				ONLY_ACTIVE_ARCH = YES;
				PRODUCT_NAME = "$(TARGET_NAME)";
				SDKROOT = macosx;
				SWIFT_ACTIVE_COMPILATION_CONDITIONS = DEBUG;
				SWIFT_OPTIMIZATION_LEVEL = "-Onone";
				SWIFT_VERSION = 5.10;
			};
			name = Debug;
		};
		898F25798127A5C1A7390E80 /* Release */ = {
			isa = XCBuildConfiguration;
			buildSettings = {
				BUNDLE_LOADER = "$(TEST_HOST)";
				COMBINE_HIDPI_IMAGES = YES;
				GENERATE_INFOPLIST_FILE = YES;
				LD_RUNPATH_SEARCH_PATHS = (
					"$(inherited)",
					"@executable_path/../Frameworks",
					"@loader_path/../Frameworks",
				);
				PRODUCT_BUNDLE_IDENTIFIER = org.mycelium.MyceliumOSXTests;
				SDKROOT = macosx;
				TEST_HOST = "$(BUILT_PRODUCTS_DIR)/MyceliumOSX.app/Contents/MacOS/MyceliumOSX";
			};
			name = Release;
		};
		9CCD3370ECB1CF6A5E75B905 /* Debug */ = {
			isa = XCBuildConfiguration;
			buildSettings = {
				ASSETCATALOG_COMPILER_APPICON_NAME = AppIcon;
				CODE_SIGN_ENTITLEMENTS = MyceliumOSX/Resources/MyceliumOSX.entitlements;
				COMBINE_HIDPI_IMAGES = YES;
				INFOPLIST_FILE = MyceliumOSX/Resources/Info.plist;
				LD_RUNPATH_SEARCH_PATHS = (
					"$(inherited)",
					"@executable_path/../Frameworks",
				);
				PRODUCT_BUNDLE_IDENTIFIER = org.mycelium.osx;
				PRODUCT_NAME = MyceliumOSX;
				SDKROOT = macosx;
			};
			name = Debug;
		};
/* End XCBuildConfiguration section */

/* Begin XCConfigurationList section */
		387EB28045F2993B4C48FFF1 /* Build configuration list for PBXNativeTarget "MyceliumOSX" */ = {
			isa = XCConfigurationList;
			buildConfigurations = (
				9CCD3370ECB1CF6A5E75B905 /* Debug */,
				314F5A1ADDDC0957CB5DA18E /* Release */,
			);
			defaultConfigurationIsVisible = 0;
			defaultConfigurationName = Debug;
		};
		D0749486C111FB2C57314165 /* Build configuration list for PBXProject "MyceliumOSX" */ = {
			isa = XCConfigurationList;
			buildConfigurations = (
				799F469A816168E91551E77E /* Debug */,
				718F2187C4C4A42797CBB457 /* Release */,
			);
			defaultConfigurationIsVisible = 0;
			defaultConfigurationName = Debug;
		};
		E9A2C4398B17CE36A1AE2073 /* Build configuration list for PBXNativeTarget "MyceliumOSXTests" */ = {
			isa = XCConfigurationList;
			buildConfigurations = (
				34102CA1AE6F989297EAB7BD /* Debug */,
				898F25798127A5C1A7390E80 /* Release */,
			);
			defaultConfigurationIsVisible = 0;
			defaultConfigurationName = Debug;
		};
/* End XCConfigurationList section */
	};
	rootObject = 362ABD8960CD3B72024EF067 /* Project object */;
}
